
Microsoft Visual Studio Solution File, Format Version 12.00
# Visual Studio Version 17
VisualStudioVersion = 17.3.32825.248
MinimumVisualStudioVersion = 10.0.40219.1
Project("{9A19103F-16F7-4668-BE54-9A1E7A4F7556}") = "CoronaManagement", "CoronaManagement.csproj", "{8FBD1A80-E954-483F-87CA-723AB414B8A7}"
EndProject
Project("{FAE04EC0-301F-11D3-BF4B-00C04F79EFBC}") = "CoronaManagement.BL", "..\CoronaManagement.BL\CoronaManagement.BL.csproj", "{0E760C32-70A3-4C86-831D-1A99CEF97883}"
EndProject
Project("{FAE04EC0-301F-11D3-BF4B-00C04F79EFBC}") = "CoronaManagement.DAL", "..\CoronaManagement.DAL\CoronaManagement.DAL.csproj", "{6C9881BF-CD32-4AB2-A35F-67210E80A1B2}"
EndProject
Project("{FAE04EC0-301F-11D3-BF4B-00C04F79EFBC}") = "Entities", "..\Entities\Entities.csproj", "{EF23F5E1-08D6-496F-A22B-45F21C2C40B3}"
EndProject
Global
	GlobalSection(SolutionConfigurationPlatforms) = preSolution
		Debug|Any CPU = Debug|Any CPU
		Release|Any CPU = Release|Any CPU
	EndGlobalSection
	GlobalSection(ProjectConfigurationPlatforms) = postSolution
		{8FBD1A80-E954-483F-87CA-723AB414B8A7}.Debug|Any CPU.ActiveCfg = Debug|Any CPU
		{8FBD1A80-E954-483F-87CA-723AB414B8A7}.Debug|Any CPU.Build.0 = Debug|Any CPU
		{8FBD1A80-E954-483F-87CA-723AB414B8A7}.Release|Any CPU.ActiveCfg = Release|Any CPU
		{8FBD1A80-E954-483F-87CA-723AB414B8A7}.Release|Any CPU.Build.0 = Release|Any CPU
		{0E760C32-70A3-4C86-831D-1A99CEF97883}.Debug|Any CPU.ActiveCfg = Debug|Any CPU
		{0E760C32-70A3-4C86-831D-1A99CEF97883}.Debug|Any CPU.Build.0 = Debug|Any CPU
		{0E760C32-70A3-4C86-831D-1A99CEF97883}.Release|Any CPU.ActiveCfg = Release|Any CPU
		{0E760C32-70A3-4C86-831D-1A99CEF97883}.Release|Any CPU.Build.0 = Release|Any CPU
		{6C9881BF-CD32-4AB2-A35F-67210E80A1B2}.Debug|Any CPU.ActiveCfg = Debug|Any CPU
		{6C9881BF-CD32-4AB2-A35F-67210E80A1B2}.Debug|Any CPU.Build.0 = Debug|Any CPU
		{6C9881BF-CD32-4AB2-A35F-67210E80A1B2}.Release|Any CPU.ActiveCfg = Release|Any CPU
		{6C9881BF-CD32-4AB2-A35F-67210E80A1B2}.Release|Any CPU.Build.0 = Release|Any CPU
		{EF23F5E1-08D6-496F-A22B-45F21C2C40B3}.Debug|Any CPU.ActiveCfg = Debug|Any CPU
		{EF23F5E1-08D6-496F-A22B-45F21C2C40B3}.Debug|Any CPU.Build.0 = Debug|Any CPU
		{EF23F5E1-08D6-496F-A22B-45F21C2C40B3}.Release|Any CPU.ActiveCfg = Release|Any CPU
		{EF23F5E1-08D6-496F-A22B-45F21C2C40B3}.Release|Any CPU.Build.0 = Release|Any CPU
	EndGlobalSection
	GlobalSection(SolutionProperties) = preSolution
		HideSolutionNode = FALSE
	EndGlobalSection
	GlobalSection(ExtensibilityGlobals) = postSolution
		SolutionGuid = {F42C4319-92D7-4FC3-9596-A0D897214C39}
	EndGlobalSection
EndGlobal
